// !$*UTF8*$!
{
	archiveVersion = 1;
	classes = {
	};
	objectVersion = 50;
	objects = {

/* Begin PBXBuildFile section */
		1210AC8613240D98B5D2DBCF /* libPods-We_partner.a in Frameworks */ = {isa = PBXBuildFile; fileRef = 8642DC8822028B65872D00E4 /* libPods-We_partner.a */; };
		BF83881D21422C3D0096DA11 /* WPBaseView.m in Sources */ = {isa = PBXBuildFile; fileRef = BF83881C21422C3D0096DA11 /* WPBaseView.m */; };
		BF83882021422C5A0096DA11 /* WPProgressView.m in Sources */ = {isa = PBXBuildFile; fileRef = BF83881F21422C5A0096DA11 /* WPProgressView.m */; };
		BF83882421425E640096DA11 /* BaseTableViewController.m in Sources */ = {isa = PBXBuildFile; fileRef = BF83882321425E640096DA11 /* BaseTableViewController.m */; };
		BF83882721425EFD0096DA11 /* WPSubmit1Controller.m in Sources */ = {isa = PBXBuildFile; fileRef = BF83882621425EFD0096DA11 /* WPSubmit1Controller.m */; };
		BF83882B214276000096DA11 /* WPBaseCell.m in Sources */ = {isa = PBXBuildFile; fileRef = BF83882A214276000096DA11 /* WPBaseCell.m */; };
		BF83882E214276810096DA11 /* WPDataOneCell.m in Sources */ = {isa = PBXBuildFile; fileRef = BF83882D214276810096DA11 /* WPDataOneCell.m */; };
		BF838831214276D40096DA11 /* WPDataTwoCell.m in Sources */ = {isa = PBXBuildFile; fileRef = BF838830214276D40096DA11 /* WPDataTwoCell.m */; };
		BF838834214281030096DA11 /* WPTextField.m in Sources */ = {isa = PBXBuildFile; fileRef = BF838833214281030096DA11 /* WPTextField.m */; };
		BF83883C214682D70096DA11 /* WPTBContainer.m in Sources */ = {isa = PBXBuildFile; fileRef = BF83883B214682D70096DA11 /* WPTBContainer.m */; };
		BF838842214792AC0096DA11 /* WPPickerCell.m in Sources */ = {isa = PBXBuildFile; fileRef = BF838841214792AC0096DA11 /* WPPickerCell.m */; };
		BF8388462147979D0096DA11 /* UoPickerView.m in Sources */ = {isa = PBXBuildFile; fileRef = BF8388452147979C0096DA11 /* UoPickerView.m */; };
		BF83884A2147D07A0096DA11 /* CellConfig.m in Sources */ = {isa = PBXBuildFile; fileRef = BF8388492147D07A0096DA11 /* CellConfig.m */; };
		BFB066EE21392500006A5A18 /* AppDelegate.m in Sources */ = {isa = PBXBuildFile; fileRef = BFB066ED21392500006A5A18 /* AppDelegate.m */; };
		BFB066F421392500006A5A18 /* Main.storyboard in Resources */ = {isa = PBXBuildFile; fileRef = BFB066F221392500006A5A18 /* Main.storyboard */; };
		BFB066F621392504006A5A18 /* Assets.xcassets in Resources */ = {isa = PBXBuildFile; fileRef = BFB066F521392504006A5A18 /* Assets.xcassets */; };
		BFB066F921392504006A5A18 /* LaunchScreen.storyboard in Resources */ = {isa = PBXBuildFile; fileRef = BFB066F721392504006A5A18 /* LaunchScreen.storyboard */; };
		BFB066FC21392504006A5A18 /* main.m in Sources */ = {isa = PBXBuildFile; fileRef = BFB066FB21392504006A5A18 /* main.m */; };
		BFB0670621392504006A5A18 /* We_partnerTests.m in Sources */ = {isa = PBXBuildFile; fileRef = BFB0670521392504006A5A18 /* We_partnerTests.m */; };
		BFB0671121392504006A5A18 /* We_partnerUITests.m in Sources */ = {isa = PBXBuildFile; fileRef = BFB0671021392504006A5A18 /* We_partnerUITests.m */; };
		BFB0672B213937B1006A5A18 /* UoCommonConfig.m in Sources */ = {isa = PBXBuildFile; fileRef = BFB06727213937AF006A5A18 /* UoCommonConfig.m */; };
		BFB0674021393AFB006A5A18 /* WPBaseController.m in Sources */ = {isa = PBXBuildFile; fileRef = BFB0673F21393AFB006A5A18 /* WPBaseController.m */; };
		BFB0674321393B2C006A5A18 /* WPHomeController.m in Sources */ = {isa = PBXBuildFile; fileRef = BFB0674221393B2C006A5A18 /* WPHomeController.m */; };
		BFB0674621394ADD006A5A18 /* WPNAVController.m in Sources */ = {isa = PBXBuildFile; fileRef = BFB0674521394ADD006A5A18 /* WPNAVController.m */; };
		BFB06759213E78AE006A5A18 /* UoFactoryTool.m in Sources */ = {isa = PBXBuildFile; fileRef = BFB06758213E78AD006A5A18 /* UoFactoryTool.m */; };
/* End PBXBuildFile section */

/* Begin PBXContainerItemProxy section */
		BFB0670221392504006A5A18 /* PBXContainerItemProxy */ = {
			isa = PBXContainerItemProxy;
			containerPortal = BFB066E121392500006A5A18 /* Project object */;
			proxyType = 1;
			remoteGlobalIDString = BFB066E821392500006A5A18;
			remoteInfo = We_partner;
		};
		BFB0670D21392504006A5A18 /* PBXContainerItemProxy */ = {
			isa = PBXContainerItemProxy;
			containerPortal = BFB066E121392500006A5A18 /* Project object */;
			proxyType = 1;
			remoteGlobalIDString = BFB066E821392500006A5A18;
			remoteInfo = We_partner;
		};
/* End PBXContainerItemProxy section */

/* Begin PBXFileReference section */
		4C39A2303BF88E5314E42060 /* Pods-We_partner.release.xcconfig */ = {isa = PBXFileReference; includeInIndex = 1; lastKnownFileType = text.xcconfig; name = "Pods-We_partner.release.xcconfig"; path = "Pods/Target Support Files/Pods-We_partner/Pods-We_partner.release.xcconfig"; sourceTree = "<group>"; };
		8642DC8822028B65872D00E4 /* libPods-We_partner.a */ = {isa = PBXFileReference; explicitFileType = archive.ar; includeInIndex = 0; path = "libPods-We_partner.a"; sourceTree = BUILT_PRODUCTS_DIR; };
		BF83881B21422C3D0096DA11 /* WPBaseView.h */ = {isa = PBXFileReference; lastKnownFileType = sourcecode.c.h; path = WPBaseView.h; sourceTree = "<group>"; };
		BF83881C21422C3D0096DA11 /* WPBaseView.m */ = {isa = PBXFileReference; lastKnownFileType = sourcecode.c.objc; path = WPBaseView.m; sourceTree = "<group>"; };
		BF83881E21422C5A0096DA11 /* WPProgressView.h */ = {isa = PBXFileReference; lastKnownFileType = sourcecode.c.h; path = WPProgressView.h; sourceTree = "<group>"; };
		BF83881F21422C5A0096DA11 /* WPProgressView.m */ = {isa = PBXFileReference; lastKnownFileType = sourcecode.c.objc; path = WPProgressView.m; sourceTree = "<group>"; };
		BF83882221425E640096DA11 /* BaseTableViewController.h */ = {isa = PBXFileReference; lastKnownFileType = sourcecode.c.h; path = BaseTableViewController.h; sourceTree = "<group>"; };
		BF83882321425E640096DA11 /* BaseTableViewController.m */ = {isa = PBXFileReference; lastKnownFileType = sourcecode.c.objc; path = BaseTableViewController.m; sourceTree = "<group>"; };
		BF83882521425EFD0096DA11 /* WPSubmit1Controller.h */ = {isa = PBXFileReference; lastKnownFileType = sourcecode.c.h; path = WPSubmit1Controller.h; sourceTree = "<group>"; };
		BF83882621425EFD0096DA11 /* WPSubmit1Controller.m */ = {isa = PBXFileReference; lastKnownFileType = sourcecode.c.objc; path = WPSubmit1Controller.m; sourceTree = "<group>"; };
		BF838829214276000096DA11 /* WPBaseCell.h */ = {isa = PBXFileReference; lastKnownFileType = sourcecode.c.h; path = WPBaseCell.h; sourceTree = "<group>"; };
		BF83882A214276000096DA11 /* WPBaseCell.m */ = {isa = PBXFileReference; lastKnownFileType = sourcecode.c.objc; path = WPBaseCell.m; sourceTree = "<group>"; };
		BF83882C214276810096DA11 /* WPDataOneCell.h */ = {isa = PBXFileReference; lastKnownFileType = sourcecode.c.h; path = WPDataOneCell.h; sourceTree = "<group>"; };
		BF83882D214276810096DA11 /* WPDataOneCell.m */ = {isa = PBXFileReference; lastKnownFileType = sourcecode.c.objc; path = WPDataOneCell.m; sourceTree = "<group>"; };
		BF83882F214276D40096DA11 /* WPDataTwoCell.h */ = {isa = PBXFileReference; lastKnownFileType = sourcecode.c.h; path = WPDataTwoCell.h; sourceTree = "<group>"; };
		BF838830214276D40096DA11 /* WPDataTwoCell.m */ = {isa = PBXFileReference; lastKnownFileType = sourcecode.c.objc; path = WPDataTwoCell.m; sourceTree = "<group>"; };
		BF838832214281030096DA11 /* WPTextField.h */ = {isa = PBXFileReference; lastKnownFileType = sourcecode.c.h; path = WPTextField.h; sourceTree = "<group>"; };
		BF838833214281030096DA11 /* WPTextField.m */ = {isa = PBXFileReference; lastKnownFileType = sourcecode.c.objc; path = WPTextField.m; sourceTree = "<group>"; };
		BF83883A214682D70096DA11 /* WPTBContainer.h */ = {isa = PBXFileReference; lastKnownFileType = sourcecode.c.h; path = WPTBContainer.h; sourceTree = "<group>"; };
		BF83883B214682D70096DA11 /* WPTBContainer.m */ = {isa = PBXFileReference; lastKnownFileType = sourcecode.c.objc; path = WPTBContainer.m; sourceTree = "<group>"; };
		BF838840214792AC0096DA11 /* WPPickerCell.h */ = {isa = PBXFileReference; lastKnownFileType = sourcecode.c.h; path = WPPickerCell.h; sourceTree = "<group>"; };
		BF838841214792AC0096DA11 /* WPPickerCell.m */ = {isa = PBXFileReference; lastKnownFileType = sourcecode.c.objc; path = WPPickerCell.m; sourceTree = "<group>"; };
		BF8388442147979C0096DA11 /* UoPickerView.h */ = {isa = PBXFileReference; fileEncoding = 4; lastKnownFileType = sourcecode.c.h; path = UoPickerView.h; sourceTree = "<group>"; };
		BF8388452147979C0096DA11 /* UoPickerView.m */ = {isa = PBXFileReference; fileEncoding = 4; lastKnownFileType = sourcecode.c.objc; path = UoPickerView.m; sourceTree = "<group>"; };
		BF8388482147D07A0096DA11 /* CellConfig.h */ = {isa = PBXFileReference; lastKnownFileType = sourcecode.c.h; path = CellConfig.h; sourceTree = "<group>"; };
		BF8388492147D07A0096DA11 /* CellConfig.m */ = {isa = PBXFileReference; lastKnownFileType = sourcecode.c.objc; path = CellConfig.m; sourceTree = "<group>"; };
		BFB066E921392500006A5A18 /* We_partner.app */ = {isa = PBXFileReference; explicitFileType = wrapper.application; includeInIndex = 0; path = We_partner.app; sourceTree = BUILT_PRODUCTS_DIR; };
		BFB066EC21392500006A5A18 /* AppDelegate.h */ = {isa = PBXFileReference; lastKnownFileType = sourcecode.c.h; path = AppDelegate.h; sourceTree = "<group>"; };
		BFB066ED21392500006A5A18 /* AppDelegate.m */ = {isa = PBXFileReference; lastKnownFileType = sourcecode.c.objc; path = AppDelegate.m; sourceTree = "<group>"; };
		BFB066F321392500006A5A18 /* Base */ = {isa = PBXFileReference; lastKnownFileType = file.storyboard; name = Base; path = Base.lproj/Main.storyboard; sourceTree = "<group>"; };
		BFB066F521392504006A5A18 /* Assets.xcassets */ = {isa = PBXFileReference; lastKnownFileType = folder.assetcatalog; path = Assets.xcassets; sourceTree = "<group>"; };
		BFB066F821392504006A5A18 /* Base */ = {isa = PBXFileReference; lastKnownFileType = file.storyboard; name = Base; path = Base.lproj/LaunchScreen.storyboard; sourceTree = "<group>"; };
		BFB066FA21392504006A5A18 /* Info.plist */ = {isa = PBXFileReference; lastKnownFileType = text.plist.xml; path = Info.plist; sourceTree = "<group>"; };
		BFB066FB21392504006A5A18 /* main.m */ = {isa = PBXFileReference; lastKnownFileType = sourcecode.c.objc; path = main.m; sourceTree = "<group>"; };
		BFB0670121392504006A5A18 /* We_partnerTests.xctest */ = {isa = PBXFileReference; explicitFileType = wrapper.cfbundle; includeInIndex = 0; path = We_partnerTests.xctest; sourceTree = BUILT_PRODUCTS_DIR; };
		BFB0670521392504006A5A18 /* We_partnerTests.m */ = {isa = PBXFileReference; lastKnownFileType = sourcecode.c.objc; path = We_partnerTests.m; sourceTree = "<group>"; };
		BFB0670721392504006A5A18 /* Info.plist */ = {isa = PBXFileReference; lastKnownFileType = text.plist.xml; path = Info.plist; sourceTree = "<group>"; };
		BFB0670C21392504006A5A18 /* We_partnerUITests.xctest */ = {isa = PBXFileReference; explicitFileType = wrapper.cfbundle; includeInIndex = 0; path = We_partnerUITests.xctest; sourceTree = BUILT_PRODUCTS_DIR; };
		BFB0671021392504006A5A18 /* We_partnerUITests.m */ = {isa = PBXFileReference; lastKnownFileType = sourcecode.c.objc; path = We_partnerUITests.m; sourceTree = "<group>"; };
		BFB0671221392504006A5A18 /* Info.plist */ = {isa = PBXFileReference; lastKnownFileType = text.plist.xml; path = Info.plist; sourceTree = "<group>"; };
		BFB06727213937AF006A5A18 /* UoCommonConfig.m */ = {isa = PBXFileReference; fileEncoding = 4; lastKnownFileType = sourcecode.c.objc; path = UoCommonConfig.m; sourceTree = "<group>"; };
		BFB06728213937AF006A5A18 /* PrefixHeader.pch */ = {isa = PBXFileReference; fileEncoding = 4; lastKnownFileType = sourcecode.c.h; path = PrefixHeader.pch; sourceTree = "<group>"; };
		BFB06729213937B0006A5A18 /* AppHeader.h */ = {isa = PBXFileReference; fileEncoding = 4; lastKnownFileType = sourcecode.c.h; path = AppHeader.h; sourceTree = "<group>"; };
		BFB0672A213937B1006A5A18 /* UoCommonConfig.h */ = {isa = PBXFileReference; fileEncoding = 4; lastKnownFileType = sourcecode.c.h; path = UoCommonConfig.h; sourceTree = "<group>"; };
		BFB0673E21393AFB006A5A18 /* WPBaseController.h */ = {isa = PBXFileReference; lastKnownFileType = sourcecode.c.h; path = WPBaseController.h; sourceTree = "<group>"; };
		BFB0673F21393AFB006A5A18 /* WPBaseController.m */ = {isa = PBXFileReference; lastKnownFileType = sourcecode.c.objc; path = WPBaseController.m; sourceTree = "<group>"; };
		BFB0674121393B2C006A5A18 /* WPHomeController.h */ = {isa = PBXFileReference; lastKnownFileType = sourcecode.c.h; path = WPHomeController.h; sourceTree = "<group>"; };
		BFB0674221393B2C006A5A18 /* WPHomeController.m */ = {isa = PBXFileReference; lastKnownFileType = sourcecode.c.objc; path = WPHomeController.m; sourceTree = "<group>"; };
		BFB0674421394ADD006A5A18 /* WPNAVController.h */ = {isa = PBXFileReference; lastKnownFileType = sourcecode.c.h; path = WPNAVController.h; sourceTree = "<group>"; };
		BFB0674521394ADD006A5A18 /* WPNAVController.m */ = {isa = PBXFileReference; lastKnownFileType = sourcecode.c.objc; path = WPNAVController.m; sourceTree = "<group>"; };
		BFB06757213E78AD006A5A18 /* UoFactoryTool.h */ = {isa = PBXFileReference; fileEncoding = 4; lastKnownFileType = sourcecode.c.h; path = UoFactoryTool.h; sourceTree = "<group>"; };
		BFB06758213E78AD006A5A18 /* UoFactoryTool.m */ = {isa = PBXFileReference; fileEncoding = 4; lastKnownFileType = sourcecode.c.objc; path = UoFactoryTool.m; sourceTree = "<group>"; };
		D88E8125A81980B3577CD008 /* Pods-We_partner.debug.xcconfig */ = {isa = PBXFileReference; includeInIndex = 1; lastKnownFileType = text.xcconfig; name = "Pods-We_partner.debug.xcconfig"; path = "Pods/Target Support Files/Pods-We_partner/Pods-We_partner.debug.xcconfig"; sourceTree = "<group>"; };
/* End PBXFileReference section */

/* Begin PBXFrameworksBuildPhase section */
		BFB066E621392500006A5A18 /* Frameworks */ = {
			isa = PBXFrameworksBuildPhase;
			buildActionMask = 2147483647;
			files = (
				1210AC8613240D98B5D2DBCF /* libPods-We_partner.a in Frameworks */,
			);
			runOnlyForDeploymentPostprocessing = 0;
		};
		BFB066FE21392504006A5A18 /* Frameworks */ = {
			isa = PBXFrameworksBuildPhase;
			buildActionMask = 2147483647;
			files = (
			);
			runOnlyForDeploymentPostprocessing = 0;
		};
		BFB0670921392504006A5A18 /* Frameworks */ = {
			isa = PBXFrameworksBuildPhase;
			buildActionMask = 2147483647;
			files = (
			);
			runOnlyForDeploymentPostprocessing = 0;
		};
/* End PBXFrameworksBuildPhase section */

/* Begin PBXGroup section */
		3FF4677532618FC685331CA7 /* Frameworks */ = {
			isa = PBXGroup;
			children = (
				8642DC8822028B65872D00E4 /* libPods-We_partner.a */,
			);
			name = Frameworks;
			sourceTree = "<group>";
		};
		B4CEBBD03FC99BAA2F4A8982 /* Pods */ = {
			isa = PBXGroup;
			children = (
				D88E8125A81980B3577CD008 /* Pods-We_partner.debug.xcconfig */,
				4C39A2303BF88E5314E42060 /* Pods-We_partner.release.xcconfig */,
			);
			name = Pods;
			sourceTree = "<group>";
		};
		BF83881A21422C140096DA11 /* ListProgressView */ = {
			isa = PBXGroup;
			children = (
				BF83881E21422C5A0096DA11 /* WPProgressView.h */,
				BF83881F21422C5A0096DA11 /* WPProgressView.m */,
			);
			path = ListProgressView;
			sourceTree = "<group>";
		};
		BF83882121425E270096DA11 /* submitControllers */ = {
			isa = PBXGroup;
			children = (
				BF838828214275D10096DA11 /* cells */,
				BF8388472147D0520096DA11 /* ConfigModel */,
				BF83882521425EFD0096DA11 /* WPSubmit1Controller.h */,
				BF83882621425EFD0096DA11 /* WPSubmit1Controller.m */,
			);
			path = submitControllers;
			sourceTree = "<group>";
		};
		BF838828214275D10096DA11 /* cells */ = {
			isa = PBXGroup;
			children = (
				BF83882C214276810096DA11 /* WPDataOneCell.h */,
				BF83882D214276810096DA11 /* WPDataOneCell.m */,
				BF83882F214276D40096DA11 /* WPDataTwoCell.h */,
				BF838830214276D40096DA11 /* WPDataTwoCell.m */,
				BF838840214792AC0096DA11 /* WPPickerCell.h */,
				BF838841214792AC0096DA11 /* WPPickerCell.m */,
			);
			path = cells;
			sourceTree = "<group>";
		};
		BF838839214682B50096DA11 /* WPTableView */ = {
			isa = PBXGroup;
			children = (
				BF83883A214682D70096DA11 /* WPTBContainer.h */,
				BF83883B214682D70096DA11 /* WPTBContainer.m */,
			);
			path = WPTableView;
			sourceTree = "<group>";
		};
		BF8388432147979C0096DA11 /* UoPickerView */ = {
			isa = PBXGroup;
			children = (
				BF8388442147979C0096DA11 /* UoPickerView.h */,
				BF8388452147979C0096DA11 /* UoPickerView.m */,
			);
			name = UoPickerView;
			path = ../../../We_cash/UoUo/Vendors/UoPickerView;
			sourceTree = "<group>";
		};
		BF8388472147D0520096DA11 /* ConfigModel */ = {
			isa = PBXGroup;
			children = (
				BF8388482147D07A0096DA11 /* CellConfig.h */,
				BF8388492147D07A0096DA11 /* CellConfig.m */,
			);
			path = ConfigModel;
			sourceTree = "<group>";
		};
		BFB066E021392500006A5A18 = {
			isa = PBXGroup;
			children = (
				BFB066EB21392500006A5A18 /* We_partner */,
				BFB0670421392504006A5A18 /* We_partnerTests */,
				BFB0670F21392504006A5A18 /* We_partnerUITests */,
				BFB066EA21392500006A5A18 /* Products */,
				B4CEBBD03FC99BAA2F4A8982 /* Pods */,
				3FF4677532618FC685331CA7 /* Frameworks */,
			);
			sourceTree = "<group>";
		};
		BFB066EA21392500006A5A18 /* Products */ = {
			isa = PBXGroup;
			children = (
				BFB066E921392500006A5A18 /* We_partner.app */,
				BFB0670121392504006A5A18 /* We_partnerTests.xctest */,
				BFB0670C21392504006A5A18 /* We_partnerUITests.xctest */,
			);
			name = Products;
			sourceTree = "<group>";
		};
		BFB066EB21392500006A5A18 /* We_partner */ = {
			isa = PBXGroup;
			children = (
				BFB0671E21393481006A5A18 /* AppEntry */,
				BFB0671F21393490006A5A18 /* Tools */,
				BFB067202139349A006A5A18 /* Vendors */,
				BFB06721213934A9006A5A18 /* Config */,
				BFB06722213934BC006A5A18 /* BaseClass */,
				BFB0672621393546006A5A18 /* Controllers */,
				BFB066F221392500006A5A18 /* Main.storyboard */,
				BFB066F521392504006A5A18 /* Assets.xcassets */,
			);
			path = We_partner;
			sourceTree = "<group>";
		};
		BFB0670421392504006A5A18 /* We_partnerTests */ = {
			isa = PBXGroup;
			children = (
				BFB0670521392504006A5A18 /* We_partnerTests.m */,
				BFB0670721392504006A5A18 /* Info.plist */,
			);
			path = We_partnerTests;
			sourceTree = "<group>";
		};
		BFB0670F21392504006A5A18 /* We_partnerUITests */ = {
			isa = PBXGroup;
			children = (
				BFB0671021392504006A5A18 /* We_partnerUITests.m */,
				BFB0671221392504006A5A18 /* Info.plist */,
			);
			path = We_partnerUITests;
			sourceTree = "<group>";
		};
		BFB0671E21393481006A5A18 /* AppEntry */ = {
			isa = PBXGroup;
			children = (
				BFB066FA21392504006A5A18 /* Info.plist */,
				BFB066FB21392504006A5A18 /* main.m */,
				BFB066F721392504006A5A18 /* LaunchScreen.storyboard */,
				BFB066EC21392500006A5A18 /* AppDelegate.h */,
				BFB066ED21392500006A5A18 /* AppDelegate.m */,
			);
			path = AppEntry;
			sourceTree = "<group>";
		};
		BFB0671F21393490006A5A18 /* Tools */ = {
			isa = PBXGroup;
			children = (
				BFB06757213E78AD006A5A18 /* UoFactoryTool.h */,
				BFB06758213E78AD006A5A18 /* UoFactoryTool.m */,
			);
			path = Tools;
			sourceTree = "<group>";
		};
		BFB067202139349A006A5A18 /* Vendors */ = {
			isa = PBXGroup;
			children = (
				BF8388432147979C0096DA11 /* UoPickerView */,
				BF838839214682B50096DA11 /* WPTableView */,
				BF83881A21422C140096DA11 /* ListProgressView */,
			);
			path = Vendors;
			sourceTree = "<group>";
		};
		BFB06721213934A9006A5A18 /* Config */ = {
			isa = PBXGroup;
			children = (
				BFB06729213937B0006A5A18 /* AppHeader.h */,
				BFB06728213937AF006A5A18 /* PrefixHeader.pch */,
				BFB0672A213937B1006A5A18 /* UoCommonConfig.h */,
				BFB06727213937AF006A5A18 /* UoCommonConfig.m */,
			);
			path = Config;
			sourceTree = "<group>";
		};
		BFB06722213934BC006A5A18 /* BaseClass */ = {
			isa = PBXGroup;
			children = (
				BFB0673E21393AFB006A5A18 /* WPBaseController.h */,
				BFB0673F21393AFB006A5A18 /* WPBaseController.m */,
				BFB0674421394ADD006A5A18 /* WPNAVController.h */,
				BFB0674521394ADD006A5A18 /* WPNAVController.m */,
				BF83881B21422C3D0096DA11 /* WPBaseView.h */,
				BF83881C21422C3D0096DA11 /* WPBaseView.m */,
				BF83882221425E640096DA11 /* BaseTableViewController.h */,
				BF83882321425E640096DA11 /* BaseTableViewController.m */,
				BF838829214276000096DA11 /* WPBaseCell.h */,
				BF83882A214276000096DA11 /* WPBaseCell.m */,
				BF838832214281030096DA11 /* WPTextField.h */,
				BF838833214281030096DA11 /* WPTextField.m */,
			);
			path = BaseClass;
			sourceTree = "<group>";
		};
		BFB0672621393546006A5A18 /* Controllers */ = {
			isa = PBXGroup;
			children = (
				BFB0673D21393ACF006A5A18 /* Home */,
				BF83882121425E270096DA11 /* submitControllers */,
			);
			path = Controllers;
			sourceTree = "<group>";
		};
		BFB0673D21393ACF006A5A18 /* Home */ = {
			isa = PBXGroup;
			children = (
				BFB0674121393B2C006A5A18 /* WPHomeController.h */,
				BFB0674221393B2C006A5A18 /* WPHomeController.m */,
			);
			path = Home;
			sourceTree = "<group>";
		};
/* End PBXGroup section */

/* Begin PBXNativeTarget section */
		BFB066E821392500006A5A18 /* We_partner */ = {
			isa = PBXNativeTarget;
			buildConfigurationList = BFB0671521392504006A5A18 /* Build configuration list for PBXNativeTarget "We_partner" */;
			buildPhases = (
				08161B2D11B9B6212E3E9D2C /* [CP] Check Pods Manifest.lock */,
				BFB066E521392500006A5A18 /* Sources */,
				BFB066E621392500006A5A18 /* Frameworks */,
				BFB066E721392500006A5A18 /* Resources */,
			);
			buildRules = (
			);
			dependencies = (
			);
			name = We_partner;
			productName = We_partner;
			productReference = BFB066E921392500006A5A18 /* We_partner.app */;
			productType = "com.apple.product-type.application";
		};
		BFB0670021392504006A5A18 /* We_partnerTests */ = {
			isa = PBXNativeTarget;
			buildConfigurationList = BFB0671821392504006A5A18 /* Build configuration list for PBXNativeTarget "We_partnerTests" */;
			buildPhases = (
				BFB066FD21392504006A5A18 /* Sources */,
				BFB066FE21392504006A5A18 /* Frameworks */,
				BFB066FF21392504006A5A18 /* Resources */,
			);
			buildRules = (
			);
			dependencies = (
				BFB0670321392504006A5A18 /* PBXTargetDependency */,
			);
			name = We_partnerTests;
			productName = We_partnerTests;
			productReference = BFB0670121392504006A5A18 /* We_partnerTests.xctest */;
			productType = "com.apple.product-type.bundle.unit-test";
		};
		BFB0670B21392504006A5A18 /* We_partnerUITests */ = {
			isa = PBXNativeTarget;
			buildConfigurationList = BFB0671B21392504006A5A18 /* Build configuration list for PBXNativeTarget "We_partnerUITests" */;
			buildPhases = (
				BFB0670821392504006A5A18 /* Sources */,
				BFB0670921392504006A5A18 /* Frameworks */,
				BFB0670A21392504006A5A18 /* Resources */,
			);
			buildRules = (
			);
			dependencies = (
				BFB0670E21392504006A5A18 /* PBXTargetDependency */,
			);
			name = We_partnerUITests;
			productName = We_partnerUITests;
			productReference = BFB0670C21392504006A5A18 /* We_partnerUITests.xctest */;
			productType = "com.apple.product-type.bundle.ui-testing";
		};
/* End PBXNativeTarget section */

/* Begin PBXProject section */
		BFB066E121392500006A5A18 /* Project object */ = {
			isa = PBXProject;
			attributes = {
				CLASSPREFIX = WP;
				LastUpgradeCheck = 0930;
				ORGANIZATIONNAME = "鹰云";
				TargetAttributes = {
					BFB066E821392500006A5A18 = {
						CreatedOnToolsVersion = 9.3.1;
					};
					BFB0670021392504006A5A18 = {
						CreatedOnToolsVersion = 9.3.1;
						TestTargetID = BFB066E821392500006A5A18;
					};
					BFB0670B21392504006A5A18 = {
						CreatedOnToolsVersion = 9.3.1;
						TestTargetID = BFB066E821392500006A5A18;
					};
				};
			};
			buildConfigurationList = BFB066E421392500006A5A18 /* Build configuration list for PBXProject "We_partner" */;
			compatibilityVersion = "Xcode 9.3";
			developmentRegion = en;
			hasScannedForEncodings = 0;
			knownRegions = (
				en,
				Base,
			);
			mainGroup = BFB066E021392500006A5A18;
			productRefGroup = BFB066EA21392500006A5A18 /* Products */;
			projectDirPath = "";
			projectRoot = "";
			targets = (
				BFB066E821392500006A5A18 /* We_partner */,
				BFB0670021392504006A5A18 /* We_partnerTests */,
				BFB0670B21392504006A5A18 /* We_partnerUITests */,
			);
		};
/* End PBXProject section */

/* Begin PBXResourcesBuildPhase section */
		BFB066E721392500006A5A18 /* Resources */ = {
			isa = PBXResourcesBuildPhase;
			buildActionMask = 2147483647;
			files = (
				BFB066F921392504006A5A18 /* LaunchScreen.storyboard in Resources */,
				BFB066F621392504006A5A18 /* Assets.xcassets in Resources */,
				BFB066F421392500006A5A18 /* Main.storyboard in Resources */,
			);
			runOnlyForDeploymentPostprocessing = 0;
		};
		BFB066FF21392504006A5A18 /* Resources */ = {
			isa = PBXResourcesBuildPhase;
			buildActionMask = 2147483647;
			files = (
			);
			runOnlyForDeploymentPostprocessing = 0;
		};
		BFB0670A21392504006A5A18 /* Resources */ = {
			isa = PBXResourcesBuildPhase;
			buildActionMask = 2147483647;
			files = (
			);
			runOnlyForDeploymentPostprocessing = 0;
		};
/* End PBXResourcesBuildPhase section */

/* Begin PBXShellScriptBuildPhase section */
		08161B2D11B9B6212E3E9D2C /* [CP] Check Pods Manifest.lock */ = {
			isa = PBXShellScriptBuildPhase;
			buildActionMask = 2147483647;
			files = (
			);
			inputPaths = (
				"${PODS_PODFILE_DIR_PATH}/Podfile.lock",
				"${PODS_ROOT}/Manifest.lock",
			);
			name = "[CP] Check Pods Manifest.lock";
			outputPaths = (
				"$(DERIVED_FILE_DIR)/Pods-We_partner-checkManifestLockResult.txt",
			);
			runOnlyForDeploymentPostprocessing = 0;
			shellPath = /bin/sh;
			shellScript = "diff \"${PODS_PODFILE_DIR_PATH}/Podfile.lock\" \"${PODS_ROOT}/Manifest.lock\" > /dev/null\nif [ $? != 0 ] ; then\n    # print error to STDERR\n    echo \"error: The sandbox is not in sync with the Podfile.lock. Run 'pod install' or update your CocoaPods installation.\" >&2\n    exit 1\nfi\n# This output is used by Xcode 'outputs' to avoid re-running this script phase.\necho \"SUCCESS\" > \"${SCRIPT_OUTPUT_FILE_0}\"\n";
			showEnvVarsInLog = 0;
		};
/* End PBXShellScriptBuildPhase section */

/* Begin PBXSourcesBuildPhase section */
		BFB066E521392500006A5A18 /* Sources */ = {
			isa = PBXSourcesBuildPhase;
			buildActionMask = 2147483647;
			files = (
				BF838834214281030096DA11 /* WPTextField.m in Sources */,
				BF83882721425EFD0096DA11 /* WPSubmit1Controller.m in Sources */,
				BF838842214792AC0096DA11 /* WPPickerCell.m in Sources */,
				BFB066FC21392504006A5A18 /* main.m in Sources */,
				BF8388462147979D0096DA11 /* UoPickerView.m in Sources */,
				BF83882021422C5A0096DA11 /* WPProgressView.m in Sources */,
				BFB0674021393AFB006A5A18 /* WPBaseController.m in Sources */,
				BF83884A2147D07A0096DA11 /* CellConfig.m in Sources */,
				BF83881D21422C3D0096DA11 /* WPBaseView.m in Sources */,
				BFB06759213E78AE006A5A18 /* UoFactoryTool.m in Sources */,
				BFB0674321393B2C006A5A18 /* WPHomeController.m in Sources */,
				BFB0672B213937B1006A5A18 /* UoCommonConfig.m in Sources */,
				BF83882421425E640096DA11 /* BaseTableViewController.m in Sources */,
				BFB066EE21392500006A5A18 /* AppDelegate.m in Sources */,
				BF83882E214276810096DA11 /* WPDataOneCell.m in Sources */,
				BF83882B214276000096DA11 /* WPBaseCell.m in Sources */,
				BF83883C214682D70096DA11 /* WPTBContainer.m in Sources */,
				BF838831214276D40096DA11 /* WPDataTwoCell.m in Sources */,
				BFB0674621394ADD006A5A18 /* WPNAVController.m in Sources */,
			);
			runOnlyForDeploymentPostprocessing = 0;
		};
		BFB066FD21392504006A5A18 /* Sources */ = {
			isa = PBXSourcesBuildPhase;
			buildActionMask = 2147483647;
			files = (
				BFB0670621392504006A5A18 /* We_partnerTests.m in Sources */,
			);
			runOnlyForDeploymentPostprocessing = 0;
		};
		BFB0670821392504006A5A18 /* Sources */ = {
			isa = PBXSourcesBuildPhase;
			buildActionMask = 2147483647;
			files = (
				BFB0671121392504006A5A18 /* We_partnerUITests.m in Sources */,
			);
			runOnlyForDeploymentPostprocessing = 0;
		};
/* End PBXSourcesBuildPhase section */

/* Begin PBXTargetDependency section */
		BFB0670321392504006A5A18 /* PBXTargetDependency */ = {
			isa = PBXTargetDependency;
			target = BFB066E821392500006A5A18 /* We_partner */;
			targetProxy = BFB0670221392504006A5A18 /* PBXContainerItemProxy */;
		};
		BFB0670E21392504006A5A18 /* PBXTargetDependency */ = {
			isa = PBXTargetDependency;
			target = BFB066E821392500006A5A18 /* We_partner */;
			targetProxy = BFB0670D21392504006A5A18 /* PBXContainerItemProxy */;
		};
/* End PBXTargetDependency section */

/* Begin PBXVariantGroup section */
		BFB066F221392500006A5A18 /* Main.storyboard */ = {
			isa = PBXVariantGroup;
			children = (
				BFB066F321392500006A5A18 /* Base */,
			);
			name = Main.storyboard;
			sourceTree = "<group>";
		};
		BFB066F721392504006A5A18 /* LaunchScreen.storyboard */ = {
			isa = PBXVariantGroup;
			children = (
				BFB066F821392504006A5A18 /* Base */,
			);
			name = LaunchScreen.storyboard;
			sourceTree = "<group>";
		};
/* End PBXVariantGroup section */

/* Begin XCBuildConfiguration section */
		BFB0671321392504006A5A18 /* Debug */ = {
			isa = XCBuildConfiguration;
			buildSettings = {
				ALWAYS_SEARCH_USER_PATHS = NO;
				CLANG_ANALYZER_NONNULL = YES;
				CLANG_ANALYZER_NUMBER_OBJECT_CONVERSION = YES_AGGRESSIVE;
				CLANG_CXX_LANGUAGE_STANDARD = "gnu++14";
				CLANG_CXX_LIBRARY = "libc++";
				CLANG_ENABLE_MODULES = YES;
				CLANG_ENABLE_OBJC_ARC = YES;
				CLANG_ENABLE_OBJC_WEAK = YES;
				CLANG_WARN_BLOCK_CAPTURE_AUTORELEASING = YES;
				CLANG_WARN_BOOL_CONVERSION = YES;
				CLANG_WARN_COMMA = YES;
				CLANG_WARN_CONSTANT_CONVERSION = YES;
				CLANG_WARN_DEPRECATED_OBJC_IMPLEMENTATIONS = YES;
				CLANG_WARN_DIRECT_OBJC_ISA_USAGE = YES_ERROR;
				CLANG_WARN_DOCUMENTATION_COMMENTS = YES;
				CLANG_WARN_EMPTY_BODY = YES;
				CLANG_WARN_ENUM_CONVERSION = YES;
				CLANG_WARN_INFINITE_RECURSION = YES;
				CLANG_WARN_INT_CONVERSION = YES;
				CLANG_WARN_NON_LITERAL_NULL_CONVERSION = YES;
				CLANG_WARN_OBJC_IMPLICIT_RETAIN_SELF = YES;
				CLANG_WARN_OBJC_LITERAL_CONVERSION = YES;
				CLANG_WARN_OBJC_ROOT_CLASS = YES_ERROR;
				CLANG_WARN_RANGE_LOOP_ANALYSIS = YES;
				CLANG_WARN_STRICT_PROTOTYPES = YES;
				CLANG_WARN_SUSPICIOUS_MOVE = YES;
				CLANG_WARN_UNGUARDED_AVAILABILITY = YES_AGGRESSIVE;
				CLANG_WARN_UNREACHABLE_CODE = YES;
				CLANG_WARN__DUPLICATE_METHOD_MATCH = YES;
				CODE_SIGN_IDENTITY = "iPhone Developer";
				COPY_PHASE_STRIP = NO;
				DEBUG_INFORMATION_FORMAT = dwarf;
				ENABLE_STRICT_OBJC_MSGSEND = YES;
				ENABLE_TESTABILITY = YES;
				GCC_C_LANGUAGE_STANDARD = gnu11;
				GCC_DYNAMIC_NO_PIC = NO;
				GCC_NO_COMMON_BLOCKS = YES;
				GCC_OPTIMIZATION_LEVEL = 0;
				GCC_PREPROCESSOR_DEFINITIONS = (
					"DEBUG=1",
					"$(inherited)",
				);
				GCC_WARN_64_TO_32_BIT_CONVERSION = YES;
				GCC_WARN_ABOUT_RETURN_TYPE = YES_ERROR;
				GCC_WARN_UNDECLARED_SELECTOR = YES;
				GCC_WARN_UNINITIALIZED_AUTOS = YES_AGGRESSIVE;
				GCC_WARN_UNUSED_FUNCTION = YES;
				GCC_WARN_UNUSED_VARIABLE = YES;
				IPHONEOS_DEPLOYMENT_TARGET = 11.3;
				MTL_ENABLE_DEBUG_INFO = YES;
				ONLY_ACTIVE_ARCH = YES;
				SDKROOT = iphoneos;
			};
			name = Debug;
		};
		BFB0671421392504006A5A18 /* Release */ = {
			isa = XCBuildConfiguration;
			buildSettings = {
				ALWAYS_SEARCH_USER_PATHS = NO;
				CLANG_ANALYZER_NONNULL = YES;
				CLANG_ANALYZER_NUMBER_OBJECT_CONVERSION = YES_AGGRESSIVE;
				CLANG_CXX_LANGUAGE_STANDARD = "gnu++14";
				CLANG_CXX_LIBRARY = "libc++";
				CLANG_ENABLE_MODULES = YES;
				CLANG_ENABLE_OBJC_ARC = YES;
				CLANG_ENABLE_OBJC_WEAK = YES;
				CLANG_WARN_BLOCK_CAPTURE_AUTORELEASING = YES;
				CLANG_WARN_BOOL_CONVERSION = YES;
				CLANG_WARN_COMMA = YES;
				CLANG_WARN_CONSTANT_CONVERSION = YES;
				CLANG_WARN_DEPRECATED_OBJC_IMPLEMENTATIONS = YES;
				CLANG_WARN_DIRECT_OBJC_ISA_USAGE = YES_ERROR;
				CLANG_WARN_DOCUMENTATION_COMMENTS = YES;
				CLANG_WARN_EMPTY_BODY = YES;
				CLANG_WARN_ENUM_CONVERSION = YES;
				CLANG_WARN_INFINITE_RECURSION = YES;
				CLANG_WARN_INT_CONVERSION = YES;
				CLANG_WARN_NON_LITERAL_NULL_CONVERSION = YES;
				CLANG_WARN_OBJC_IMPLICIT_RETAIN_SELF = YES;
				CLANG_WARN_OBJC_LITERAL_CONVERSION = YES;
				CLANG_WARN_OBJC_ROOT_CLASS = YES_ERROR;
				CLANG_WARN_RANGE_LOOP_ANALYSIS = YES;
				CLANG_WARN_STRICT_PROTOTYPES = YES;
				CLANG_WARN_SUSPICIOUS_MOVE = YES;
				CLANG_WARN_UNGUARDED_AVAILABILITY = YES_AGGRESSIVE;
				CLANG_WARN_UNREACHABLE_CODE = YES;
				CLANG_WARN__DUPLICATE_METHOD_MATCH = YES;
				CODE_SIGN_IDENTITY = "iPhone Developer";
				COPY_PHASE_STRIP = NO;
				DEBUG_INFORMATION_FORMAT = "dwarf-with-dsym";
				ENABLE_NS_ASSERTIONS = NO;
				ENABLE_STRICT_OBJC_MSGSEND = YES;
				GCC_C_LANGUAGE_STANDARD = gnu11;
				GCC_NO_COMMON_BLOCKS = YES;
				GCC_WARN_64_TO_32_BIT_CONVERSION = YES;
				GCC_WARN_ABOUT_RETURN_TYPE = YES_ERROR;
				GCC_WARN_UNDECLARED_SELECTOR = YES;
				GCC_WARN_UNINITIALIZED_AUTOS = YES_AGGRESSIVE;
				GCC_WARN_UNUSED_FUNCTION = YES;
				GCC_WARN_UNUSED_VARIABLE = YES;
				IPHONEOS_DEPLOYMENT_TARGET = 11.3;
				MTL_ENABLE_DEBUG_INFO = NO;
				SDKROOT = iphoneos;
				VALIDATE_PRODUCT = YES;
			};
			name = Release;
		};
		BFB0671621392504006A5A18 /* Debug */ = {
			isa = XCBuildConfiguration;
			baseConfigurationReference = D88E8125A81980B3577CD008 /* Pods-We_partner.debug.xcconfig */;
			buildSettings = {
				ASSETCATALOG_COMPILER_APPICON_NAME = AppIcon;
				CODE_SIGN_STYLE = Automatic;
				DEVELOPMENT_TEAM = Z4844W5TRD;
				GCC_PREFIX_HEADER = "$(SRCROOT)/We_partner/Config/PrefixHeader.pch";
				INFOPLIST_FILE = We_partner/AppEntry/Info.plist;
				LD_RUNPATH_SEARCH_PATHS = (
					"$(inherited)",
					"@executable_path/Frameworks",
				);
				PRODUCT_BUNDLE_IDENTIFIER = "com.longshangtong.www.We-partner";
				PRODUCT_NAME = "$(TARGET_NAME)";
				TARGETED_DEVICE_FAMILY = "1,2";
			};
			name = Debug;
		};
		BFB0671721392504006A5A18 /* Release */ = {
			isa = XCBuildConfiguration;
			baseConfigurationReference = 4C39A2303BF88E5314E42060 /* Pods-We_partner.release.xcconfig */;
			buildSettings = {
				ASSETCATALOG_COMPILER_APPICON_NAME = AppIcon;
				CODE_SIGN_STYLE = Automatic;
				DEVELOPMENT_TEAM = Z4844W5TRD;
				GCC_PREFIX_HEADER = "$(SRCROOT)/We_partner/Config/PrefixHeader.pch";
				INFOPLIST_FILE = We_partner/AppEntry/Info.plist;
				LD_RUNPATH_SEARCH_PATHS = (
					"$(inherited)",
					"@executable_path/Frameworks",
				);
				PRODUCT_BUNDLE_IDENTIFIER = "com.longshangtong.www.We-partner";
				PRODUCT_NAME = "$(TARGET_NAME)";
				TARGETED_DEVICE_FAMILY = "1,2";
			};
			name = Release;
		};
		BFB0671921392504006A5A18 /* Debug */ = {
			isa = XCBuildConfiguration;
			buildSettings = {
				BUNDLE_LOADER = "$(TEST_HOST)";
				CODE_SIGN_STYLE = Automatic;
				DEVELOPMENT_TEAM = Z4844W5TRD;
				INFOPLIST_FILE = We_partnerTests/Info.plist;
				LD_RUNPATH_SEARCH_PATHS = (
					"$(inherited)",
					"@executable_path/Frameworks",
					"@loader_path/Frameworks",
				);
				PRODUCT_BUNDLE_IDENTIFIER = "com.longshangtong.www.We-partnerTests";
				PRODUCT_NAME = "$(TARGET_NAME)";
				TARGETED_DEVICE_FAMILY = "1,2";
				TEST_HOST = "$(BUILT_PRODUCTS_DIR)/We_partner.app/We_partner";
			};
			name = Debug;
		};
		BFB0671A21392504006A5A18 /* Release */ = {
			isa = XCBuildConfiguration;
			buildSettings = {
				BUNDLE_LOADER = "$(TEST_HOST)";
				CODE_SIGN_STYLE = Automatic;
				DEVELOPMENT_TEAM = Z4844W5TRD;
				INFOPLIST_FILE = We_partnerTests/Info.plist;
				LD_RUNPATH_SEARCH_PATHS = (
					"$(inherited)",
					"@executable_path/Frameworks",
					"@loader_path/Frameworks",
				);
				PRODUCT_BUNDLE_IDENTIFIER = "com.longshangtong.www.We-partnerTests";
				PRODUCT_NAME = "$(TARGET_NAME)";
				TARGETED_DEVICE_FAMILY = "1,2";
				TEST_HOST = "$(BUILT_PRODUCTS_DIR)/We_partner.app/We_partner";
			};
			name = Release;
		};
		BFB0671C21392504006A5A18 /* Debug */ = {
			isa = XCBuildConfiguration;
			buildSettings = {
				CODE_SIGN_STYLE = Automatic;
				DEVELOPMENT_TEAM = Z4844W5TRD;
				INFOPLIST_FILE = We_partnerUITests/Info.plist;
				LD_RUNPATH_SEARCH_PATHS = (
					"$(inherited)",
					"@executable_path/Frameworks",
					"@loader_path/Frameworks",
				);
				PRODUCT_BUNDLE_IDENTIFIER = "com.longshangtong.www.We-partnerUITests";
				PRODUCT_NAME = "$(TARGET_NAME)";
				TARGETED_DEVICE_FAMILY = "1,2";
				TEST_TARGET_NAME = We_partner;
			};
			name = Debug;
		};
		BFB0671D21392504006A5A18 /* Release */ = {
			isa = XCBuildConfiguration;
			buildSettings = {
				CODE_SIGN_STYLE = Automatic;
				DEVELOPMENT_TEAM = Z4844W5TRD;
				INFOPLIST_FILE = We_partnerUITests/Info.plist;
				LD_RUNPATH_SEARCH_PATHS = (
					"$(inherited)",
					"@executable_path/Frameworks",
					"@loader_path/Frameworks",
				);
				PRODUCT_BUNDLE_IDENTIFIER = "com.longshangtong.www.We-partnerUITests";
				PRODUCT_NAME = "$(TARGET_NAME)";
				TARGETED_DEVICE_FAMILY = "1,2";
				TEST_TARGET_NAME = We_partner;
			};
			name = Release;
		};
/* End XCBuildConfiguration section */

/* Begin XCConfigurationList section */
		BFB066E421392500006A5A18 /* Build configuration list for PBXProject "We_partner" */ = {
			isa = XCConfigurationList;
			buildConfigurations = (
				BFB0671321392504006A5A18 /* Debug */,
				BFB0671421392504006A5A18 /* Release */,
			);
			defaultConfigurationIsVisible = 0;
			defaultConfigurationName = Release;
		};
		BFB0671521392504006A5A18 /* Build configuration list for PBXNativeTarget "We_partner" */ = {
			isa = XCConfigurationList;
			buildConfigurations = (
				BFB0671621392504006A5A18 /* Debug */,
				BFB0671721392504006A5A18 /* Release */,
			);
			defaultConfigurationIsVisible = 0;
			defaultConfigurationName = Release;
		};
		BFB0671821392504006A5A18 /* Build configuration list for PBXNativeTarget "We_partnerTests" */ = {
			isa = XCConfigurationList;
			buildConfigurations = (
				BFB0671921392504006A5A18 /* Debug */,
				BFB0671A21392504006A5A18 /* Release */,
			);
			defaultConfigurationIsVisible = 0;
			defaultConfigurationName = Release;
		};
		BFB0671B21392504006A5A18 /* Build configuration list for PBXNativeTarget "We_partnerUITests" */ = {
			isa = XCConfigurationList;
			buildConfigurations = (
				BFB0671C21392504006A5A18 /* Debug */,
				BFB0671D21392504006A5A18 /* Release */,
			);
			defaultConfigurationIsVisible = 0;
			defaultConfigurationName = Release;
		};
/* End XCConfigurationList section */
	};
	rootObject = BFB066E121392500006A5A18 /* Project object */;
}
